{
  "nodes": {
    "agenix": {
      "inputs": {
        "darwin": "darwin",
        "home-manager": "home-manager",
        "nixpkgs": [
          "nixpkgs"
        ],
        "systems": "systems"
      },
      "locked": {
        "lastModified": 1736955230,
        "narHash": "sha256-uenf8fv2eG5bKM8C/UvFaiJMZ4IpUFaQxk9OH5t/1gA=",
        "owner": "ryantm",
        "repo": "agenix",
        "rev": "e600439ec4c273cf11e06fe4d9d906fb98fa097c",
        "type": "github"
      },
      "original": {
        "owner": "ryantm",
        "ref": "main",
        "repo": "agenix",
        "type": "github"
      }
    },
    "arma-3-status-bot": {
      "inputs": {
        "cargo2nix": "cargo2nix",
        "fenix": "fenix",
        "flake-utils": [
          "flake-utils"
        ],
        "nixpkgs": [
          "nixpkgs-unstable"
        ]
      },
      "locked": {
        "lastModified": 1729446502,
        "narHash": "sha256-eaN9KTqt0cjeb7AksobrWZMiYHeZsZElvhp7GciQvYk=",
        "owner": "maddiemort",
        "repo": "arma-3-status-bot",
        "rev": "8d479335bd3333cfa61cb3f6a52fe00d4ba05332",
        "type": "github"
      },
      "original": {
        "owner": "maddiemort",
        "ref": "main",
        "repo": "arma-3-status-bot",
        "type": "github"
      }
    },
    "blobs": {
      "flake": false,
      "locked": {
        "lastModified": 1604995301,
        "narHash": "sha256-wcLzgLec6SGJA8fx1OEN1yV/Py5b+U5iyYpksUY/yLw=",
        "owner": "simple-nixos-mailserver",
        "repo": "blobs",
        "rev": "2cccdf1ca48316f2cfd1c9a0017e8de5a7156265",
        "type": "gitlab"
      },
      "original": {
        "owner": "simple-nixos-mailserver",
        "repo": "blobs",
        "type": "gitlab"
      }
    },
    "cargo2nix": {
      "inputs": {
        "flake-compat": "flake-compat",
        "flake-utils": [
          "arma-3-status-bot",
          "flake-utils"
        ],
        "nixpkgs": [
          "arma-3-status-bot",
          "nixpkgs"
        ],
        "rust-overlay": "rust-overlay"
      },
      "locked": {
        "lastModified": 1713199118,
        "narHash": "sha256-MlLdAvk+zXCFUy280sY6LqtykqWXIkKVXo72J7a6HlU=",
        "owner": "cargo2nix",
        "repo": "cargo2nix",
        "rev": "1efb03f2f794ad5eed17e807e858c4da001dbc3e",
        "type": "github"
      },
      "original": {
        "owner": "cargo2nix",
        "ref": "main",
        "repo": "cargo2nix",
        "type": "github"
      }
    },
    "cargo2nix_2": {
      "inputs": {
        "flake-compat": "flake-compat_3",
        "flake-utils": [
          "maddie-wtf",
          "flake-utils"
        ],
        "nixpkgs": [
          "maddie-wtf",
          "nixpkgs"
        ],
        "rust-overlay": "rust-overlay_2"
      },
      "locked": {
        "lastModified": 1750364353,
        "narHash": "sha256-l06DIwnB4JHwP1isUUXk85F+AHQkUSUyAWnAmRxXICg=",
        "owner": "cargo2nix",
        "repo": "cargo2nix",
        "rev": "a709c74619e1a2b68ed12bb398e12fbe29d69657",
        "type": "github"
      },
      "original": {
        "owner": "cargo2nix",
        "ref": "main",
        "repo": "cargo2nix",
        "type": "github"
      }
    },
    "cargo2nix_3": {
      "inputs": {
        "flake-compat": "flake-compat_5",
        "flake-utils": [
          "vexillologist",
          "flake-utils"
        ],
        "nixpkgs": [
          "vexillologist",
          "nixpkgs"
        ],
        "rust-overlay": "rust-overlay_3"
      },
      "locked": {
        "lastModified": 1750364353,
        "narHash": "sha256-l06DIwnB4JHwP1isUUXk85F+AHQkUSUyAWnAmRxXICg=",
        "owner": "cargo2nix",
        "repo": "cargo2nix",
        "rev": "a709c74619e1a2b68ed12bb398e12fbe29d69657",
        "type": "github"
      },
      "original": {
        "owner": "cargo2nix",
        "ref": "release-0.12",
        "repo": "cargo2nix",
        "type": "github"
      }
    },
    "cargo2nix_4": {
      "inputs": {
        "flake-compat": "flake-compat_6",
        "flake-utils": [
          "wirebrush",
          "flake-utils"
        ],
        "nixpkgs": [
          "wirebrush",
          "nixpkgs"
        ],
        "rust-overlay": "rust-overlay_4"
      },
      "locked": {
        "lastModified": 1682891040,
        "narHash": "sha256-hjajsi7lq24uYitUh4o04UJi1g0Qe6ruPL0s5DgPQMY=",
        "owner": "cargo2nix",
        "repo": "cargo2nix",
        "rev": "0167b39f198d72acdf009265634504fd6f5ace15",
        "type": "github"
      },
      "original": {
        "owner": "cargo2nix",
        "repo": "cargo2nix",
        "type": "github"
      }
    },
    "darwin": {
      "inputs": {
        "nixpkgs": [
          "agenix",
          "nixpkgs"
        ]
      },
      "locked": {
        "lastModified": 1700795494,
        "narHash": "sha256-gzGLZSiOhf155FW7262kdHo2YDeugp3VuIFb4/GGng0=",
        "owner": "lnl7",
        "repo": "nix-darwin",
        "rev": "4b9b83d5a92e8c1fbfd8eb27eda375908c11ec4d",
        "type": "github"
      },
      "original": {
        "owner": "lnl7",
        "ref": "master",
        "repo": "nix-darwin",
        "type": "github"
      }
    },
    "deploy-rs": {
      "inputs": {
        "flake-compat": "flake-compat_2",
        "nixpkgs": [
          "nixpkgs"
        ],
        "utils": [
          "flake-utils"
        ]
      },
      "locked": {
        "lastModified": 1727447169,
        "narHash": "sha256-3KyjMPUKHkiWhwR91J1YchF6zb6gvckCAY1jOE+ne0U=",
        "owner": "serokell",
        "repo": "deploy-rs",
        "rev": "aa07eb05537d4cd025e2310397a6adcedfe72c76",
        "type": "github"
      },
      "original": {
        "owner": "serokell",
        "ref": "master",
        "repo": "deploy-rs",
        "type": "github"
      }
    },
    "fenix": {
      "inputs": {
        "nixpkgs": [
          "arma-3-status-bot",
          "nixpkgs"
        ],
        "rust-analyzer-src": "rust-analyzer-src"
      },
      "locked": {
        "lastModified": 1706854869,
        "narHash": "sha256-MUEwsK16OOG6/j0LZ0R0KhCcvJRKZHVXrBgLX7hZums=",
        "owner": "nix-community",
        "repo": "fenix",
        "rev": "b03d2939685937a327f17df832bf9e8944ed9e3a",
        "type": "github"
      },
      "original": {
        "owner": "nix-community",
        "repo": "fenix",
        "type": "github"
      }
    },
    "fenix_2": {
      "inputs": {
        "nixpkgs": [
          "maddie-wtf",
          "nixpkgs"
        ],
        "rust-analyzer-src": "rust-analyzer-src_2"
      },
      "locked": {
        "lastModified": 1752907304,
        "narHash": "sha256-rSw0b/ahoZebcp+AZG7uoScB5Q59TYEE5Kx8k0pZp9E=",
        "owner": "nix-community",
        "repo": "fenix",
        "rev": "e91719882d0e4366202cc9058eb21df74c0bdb92",
        "type": "github"
      },
      "original": {
        "owner": "nix-community",
        "repo": "fenix",
        "type": "github"
      }
    },
    "fenix_3": {
      "inputs": {
        "nixpkgs": [
          "vexillologist",
          "nixpkgs"
        ],
        "rust-analyzer-src": "rust-analyzer-src_3"
      },
      "locked": {
        "lastModified": 1750401514,
        "narHash": "sha256-q1xXOopSQMJK0Wp/t9keh9u4SjFCjrx2cVMMF976GlQ=",
        "owner": "nix-community",
        "repo": "fenix",
        "rev": "b217fe5e1c7d5e19da71e9d344eb4c0945ad2e0b",
        "type": "github"
      },
      "original": {
        "owner": "nix-community",
        "repo": "fenix",
        "type": "github"
      }
    },
    "fenix_4": {
      "inputs": {
        "nixpkgs": [
          "wirebrush",
          "nixpkgs"
        ],
        "rust-analyzer-src": "rust-analyzer-src_4"
      },
      "locked": {
        "lastModified": 1692944460,
        "narHash": "sha256-9SWRcFh/TvpZ7hc84SvlwP5QPkahWMRB2mMZmkBhkBQ=",
        "owner": "nix-community",
        "repo": "fenix",
        "rev": "dd160229ca7895895462291cded1ea313c1e306f",
        "type": "github"
      },
      "original": {
        "owner": "nix-community",
        "repo": "fenix",
        "type": "github"
      }
    },
    "flake-compat": {
      "flake": false,
      "locked": {
        "lastModified": 1696426674,
        "narHash": "sha256-kvjfFW7WAETZlt09AgDn1MrtKzP7t90Vf7vypd3OL1U=",
        "owner": "edolstra",
        "repo": "flake-compat",
        "rev": "0f9255e01c2351cc7d116c072cb317785dd33b33",
        "type": "github"
      },
      "original": {
        "owner": "edolstra",
        "repo": "flake-compat",
        "type": "github"
      }
    },
    "flake-compat_2": {
      "flake": false,
      "locked": {
        "lastModified": 1696426674,
        "narHash": "sha256-kvjfFW7WAETZlt09AgDn1MrtKzP7t90Vf7vypd3OL1U=",
        "owner": "edolstra",
        "repo": "flake-compat",
        "rev": "0f9255e01c2351cc7d116c072cb317785dd33b33",
        "type": "github"
      },
      "original": {
        "owner": "edolstra",
        "repo": "flake-compat",
        "type": "github"
      }
    },
    "flake-compat_3": {
      "flake": false,
      "locked": {
        "lastModified": 1696426674,
        "narHash": "sha256-kvjfFW7WAETZlt09AgDn1MrtKzP7t90Vf7vypd3OL1U=",
        "owner": "edolstra",
        "repo": "flake-compat",
        "rev": "0f9255e01c2351cc7d116c072cb317785dd33b33",
        "type": "github"
      },
      "original": {
        "owner": "edolstra",
        "repo": "flake-compat",
        "type": "github"
      }
    },
    "flake-compat_4": {
      "flake": false,
      "locked": {
        "lastModified": 1696426674,
        "narHash": "sha256-kvjfFW7WAETZlt09AgDn1MrtKzP7t90Vf7vypd3OL1U=",
        "owner": "edolstra",
        "repo": "flake-compat",
        "rev": "0f9255e01c2351cc7d116c072cb317785dd33b33",
        "type": "github"
      },
      "original": {
        "owner": "edolstra",
        "repo": "flake-compat",
        "type": "github"
      }
    },
    "flake-compat_5": {
      "flake": false,
      "locked": {
        "lastModified": 1696426674,
        "narHash": "sha256-kvjfFW7WAETZlt09AgDn1MrtKzP7t90Vf7vypd3OL1U=",
        "owner": "edolstra",
        "repo": "flake-compat",
        "rev": "0f9255e01c2351cc7d116c072cb317785dd33b33",
        "type": "github"
      },
      "original": {
        "owner": "edolstra",
        "repo": "flake-compat",
        "type": "github"
      }
    },
    "flake-compat_6": {
      "flake": false,
      "locked": {
        "lastModified": 1650374568,
        "narHash": "sha256-Z+s0J8/r907g149rllvwhb4pKi8Wam5ij0st8PwAh+E=",
        "owner": "edolstra",
        "repo": "flake-compat",
        "rev": "b4a34015c698c7793d592d66adbab377907a2be8",
        "type": "github"
      },
      "original": {
        "owner": "edolstra",
        "repo": "flake-compat",
        "type": "github"
      }
    },
    "flake-utils": {
      "inputs": {
        "systems": "systems_2"
      },
      "locked": {
        "lastModified": 1731533236,
        "narHash": "sha256-l0KFg5HjrsfsO/JpG+r7fRrqm12kzFHyUHqHCVpMMbI=",
        "owner": "numtide",
        "repo": "flake-utils",
        "rev": "11707dc2f618dd54ca8739b309ec4fc024de578b",
        "type": "github"
      },
      "original": {
        "owner": "numtide",
        "ref": "main",
        "repo": "flake-utils",
        "type": "github"
      }
    },
    "home-manager": {
      "inputs": {
        "nixpkgs": [
          "agenix",
          "nixpkgs"
        ]
      },
      "locked": {
        "lastModified": 1703113217,
        "narHash": "sha256-7ulcXOk63TIT2lVDSExj7XzFx09LpdSAPtvgtM7yQPE=",
        "owner": "nix-community",
        "repo": "home-manager",
        "rev": "3bfaacf46133c037bb356193bd2f1765d9dc82c1",
        "type": "github"
      },
      "original": {
        "owner": "nix-community",
        "repo": "home-manager",
        "type": "github"
      }
    },
    "maddie-wtf": {
      "inputs": {
        "cargo2nix": "cargo2nix_2",
        "fenix": "fenix_2",
        "flake-utils": [
          "flake-utils"
        ],
        "nixpkgs": "nixpkgs",
        "onehalf": "onehalf"
      },
      "locked": {
        "lastModified": 1753614869,
        "narHash": "sha256-LEqCEJsEAKM+m4/+LwW4RoVxCUHNK3j7Y3LCOPwHKss=",
        "owner": "maddiemort",
        "repo": "maddie-wtf",
        "rev": "da5a12eab3296b329728ef83a5c350eef5c015fe",
        "type": "github"
      },
      "original": {
        "owner": "maddiemort",
        "ref": "main",
        "repo": "maddie-wtf",
        "type": "github"
      }
    },
    "maddie-wtf-content": {
      "flake": false,
      "locked": {
        "lastModified": 1753615140,
        "narHash": "sha256-/Gx+7Z8DHjX5aNuV5w4o37e4UtggVbpQ/Aex5/g1jRM=",
        "ref": "refs/heads/main",
        "rev": "7d4c3e428807750e8a236fc732c1657ea2ea153f",
        "revCount": 20,
        "type": "git",
        "url": "ssh://git@github.com/maddiemort/maddie-wtf-content.git"
      },
      "original": {
        "type": "git",
        "url": "ssh://git@github.com/maddiemort/maddie-wtf-content.git"
      }
    },
    "nixos-mailserver": {
      "inputs": {
        "blobs": "blobs",
        "flake-compat": "flake-compat_4",
        "nixpkgs": [
          "nixpkgs-unstable"
        ],
        "nixpkgs-24_05": [
          "nixpkgs"
        ],
        "utils": [
          "flake-utils"
        ]
      },
      "locked": {
        "lastModified": 1734885828,
        "narHash": "sha256-G0fB1YBlkalu8lLGRB07K8CpUWNVd+unfrjNomSL7SM=",
        "owner": "simple-nixos-mailserver",
        "repo": "nixos-mailserver",
        "rev": "636b82f4175e3f6b1e80d2189bb0469e2ae01a55",
        "type": "gitlab"
      },
      "original": {
        "owner": "simple-nixos-mailserver",
        "ref": "nixos-24.05",
        "repo": "nixos-mailserver",
        "type": "gitlab"
      }
    },
    "nixpkgs": {
      "locked": {
        "lastModified": 1752841793,
        "narHash": "sha256-pGvcN/yiJ4e3/hgvTwkyZvl6c3HuLLCY/hjEzDuQB54=",
        "owner": "nixos",
        "repo": "nixpkgs",
        "rev": "8131c0ea9df6293a247be743a387ff725e464db7",
        "type": "github"
      },
      "original": {
        "owner": "nixos",
        "ref": "nixpkgs-unstable",
        "repo": "nixpkgs",
        "type": "github"
      }
    },
    "nixpkgs-anubis": {
      "locked": {
        "lastModified": 1752508172,
        "narHash": "sha256-7qI8iccVVbL0TVIZyJ+5QESV87ZknyMdi5EA8hcSFZg=",
        "owner": "nullcubee",
        "repo": "nixpkgs",
        "rev": "8dd9c9197acde02ee76ebd0b426e8d1ecaf5127e",
        "type": "github"
      },
      "original": {
        "owner": "nullcubee",
        "ref": "nixos/fix-anubis-botPolicy",
        "repo": "nixpkgs",
        "type": "github"
      }
    },
    "nixpkgs-unstable": {
      "locked": {
        "lastModified": 1754711617,
        "narHash": "sha256-WrZ280bT6NzNbBo+CKeJA/NW1rhvN/RUPZczqCpu2mI=",
        "owner": "nixos",
        "repo": "nixpkgs",
        "rev": "00b574b1ba8a352f0601c4dde4faff4b534ebb1e",
        "type": "github"
      },
      "original": {
        "owner": "nixos",
        "ref": "nixpkgs-unstable",
        "repo": "nixpkgs",
        "type": "github"
      }
    },
    "nixpkgs_2": {
      "locked": {
        "lastModified": 1735563628,
        "narHash": "sha256-OnSAY7XDSx7CtDoqNh8jwVwh4xNL/2HaJxGjryLWzX8=",
        "owner": "nixos",
        "repo": "nixpkgs",
        "rev": "b134951a4c9f3c995fd7be05f3243f8ecd65d798",
        "type": "github"
      },
      "original": {
        "owner": "nixos",
        "ref": "nixos-24.05",
        "repo": "nixpkgs",
        "type": "github"
      }
    },
    "onehalf": {
      "flake": false,
      "locked": {
        "lastModified": 1659479187,
        "narHash": "sha256-F5gbDtGD2QBDGZOjr/OCJJlyQgxvQTsy8IoNNAjnDzQ=",
        "owner": "sonph",
        "repo": "onehalf",
        "rev": "75eb2e97acd74660779fed8380989ee7891eec56",
        "type": "github"
      },
      "original": {
        "owner": "sonph",
        "ref": "master",
        "repo": "onehalf",
        "type": "github"
      }
    },
    "root": {
      "inputs": {
        "agenix": "agenix",
        "arma-3-status-bot": "arma-3-status-bot",
        "deploy-rs": "deploy-rs",
        "flake-utils": "flake-utils",
        "maddie-wtf": "maddie-wtf",
        "maddie-wtf-content": "maddie-wtf-content",
        "nixos-mailserver": "nixos-mailserver",
        "nixpkgs": "nixpkgs_2",
        "nixpkgs-anubis": "nixpkgs-anubis",
        "nixpkgs-unstable": "nixpkgs-unstable",
        "onehalf": [
          "maddie-wtf",
          "onehalf"
        ],
        "vexillologist": "vexillologist",
        "wirebrush": "wirebrush"
      }
    },
    "rust-analyzer-src": {
      "flake": false,
      "locked": {
        "lastModified": 1706797398,
        "narHash": "sha256-UCKJaYBAjyOF7w6exlcPgU6Fp8+YGzMN3ID7rpzxAa8=",
        "owner": "rust-lang",
        "repo": "rust-analyzer",
        "rev": "850ba2fb6395cb39edef263256f7ba334f9142dc",
        "type": "github"
      },
      "original": {
        "owner": "rust-lang",
        "ref": "nightly",
        "repo": "rust-analyzer",
        "type": "github"
      }
    },
    "rust-analyzer-src_2": {
      "flake": false,
      "locked": {
        "lastModified": 1752817855,
        "narHash": "sha256-YnG3d44oX+g2ooUsNWT+Ii24w6T+b0dj86k0HkIFUj4=",
        "owner": "rust-lang",
        "repo": "rust-analyzer",
        "rev": "330c4ed11c4e1eef0999a2cd629703a601da1436",
        "type": "github"
      },
      "original": {
        "owner": "rust-lang",
        "ref": "nightly",
        "repo": "rust-analyzer",
        "type": "github"
      }
    },
    "rust-analyzer-src_3": {
      "flake": false,
      "locked": {
        "lastModified": 1750378317,
        "narHash": "sha256-4TsZVenbtAR/FgWvxgj0KPiWCuf8kGNBzmbs2xNJ7W4=",
        "owner": "rust-lang",
        "repo": "rust-analyzer",
        "rev": "dc2e14d5f38a0a640e4a993d25eb79ce9d828fb8",
        "type": "github"
      },
      "original": {
        "owner": "rust-lang",
        "ref": "nightly",
        "repo": "rust-analyzer",
        "type": "github"
      }
    },
    "rust-analyzer-src_4": {
      "flake": false,
      "locked": {
        "lastModified": 1692775770,
        "narHash": "sha256-LwoR5N1JHykSte2Ak+Pj/HjJ9fKy9zMJNEftfBJQkLs=",
        "owner": "rust-lang",
        "repo": "rust-analyzer",
        "rev": "f5b7c60ff7a79bfb3e10f3e98c81b7bb4cb53c68",
        "type": "github"
      },
      "original": {
        "owner": "rust-lang",
        "ref": "nightly",
        "repo": "rust-analyzer",
        "type": "github"
      }
    },
    "rust-overlay": {
      "inputs": {
        "flake-utils": [
          "arma-3-status-bot",
          "cargo2nix",
          "flake-utils"
        ],
        "nixpkgs": [
          "arma-3-status-bot",
          "cargo2nix",
          "nixpkgs"
        ]
      },
      "locked": {
        "lastModified": 1705112162,
        "narHash": "sha256-IAM0+Uijh/fwlfoeDrOwau9MxcZW3zeDoUHc6Z3xfqM=",
        "owner": "oxalica",
        "repo": "rust-overlay",
        "rev": "9e0af26ffe52bf955ad5575888f093e41fba0104",
        "type": "github"
      },
      "original": {
        "owner": "oxalica",
        "repo": "rust-overlay",
        "type": "github"
      }
    },
    "rust-overlay_2": {
      "inputs": {
        "nixpkgs": [
          "maddie-wtf",
          "cargo2nix",
          "nixpkgs"
        ]
      },
      "locked": {
        "lastModified": 1740969088,
        "narHash": "sha256-BajboqzFnDhxVT0SXTDKVJCKtFP96lZXccBlT/43mao=",
        "owner": "oxalica",
        "repo": "rust-overlay",
        "rev": "20fdb02098fdda9a25a2939b975abdd7bc03f62d",
        "type": "github"
      },
      "original": {
        "owner": "oxalica",
        "repo": "rust-overlay",
        "type": "github"
      }
    },
    "rust-overlay_3": {
      "inputs": {
        "nixpkgs": [
          "vexillologist",
          "cargo2nix",
          "nixpkgs"
        ]
      },
      "locked": {
        "lastModified": 1740969088,
        "narHash": "sha256-BajboqzFnDhxVT0SXTDKVJCKtFP96lZXccBlT/43mao=",
        "owner": "oxalica",
        "repo": "rust-overlay",
        "rev": "20fdb02098fdda9a25a2939b975abdd7bc03f62d",
        "type": "github"
      },
      "original": {
        "owner": "oxalica",
        "repo": "rust-overlay",
        "type": "github"
      }
    },
    "rust-overlay_4": {
      "inputs": {
        "flake-utils": [
          "wirebrush",
          "cargo2nix",
          "flake-utils"
        ],
        "nixpkgs": [
          "wirebrush",
          "cargo2nix",
          "nixpkgs"
        ]
      },
      "locked": {
        "lastModified": 1653878966,
        "narHash": "sha256-T51Gck/vrJZi1m+uTbhEFTRgZmE59sydVONadADv358=",
        "owner": "oxalica",
        "repo": "rust-overlay",
        "rev": "8526d618af012a923ca116be9603e818b502a8db",
        "type": "github"
      },
      "original": {
        "owner": "oxalica",
        "repo": "rust-overlay",
        "type": "github"
      }
    },
    "systems": {
      "locked": {
        "lastModified": 1681028828,
        "narHash": "sha256-Vy1rq5AaRuLzOxct8nz4T6wlgyUR7zLU309k9mBC768=",
        "owner": "nix-systems",
        "repo": "default",
        "rev": "da67096a3b9bf56a91d16901293e51ba5b49a27e",
        "type": "github"
      },
      "original": {
        "owner": "nix-systems",
        "repo": "default",
        "type": "github"
      }
    },
    "systems_2": {
      "locked": {
        "lastModified": 1681028828,
        "narHash": "sha256-Vy1rq5AaRuLzOxct8nz4T6wlgyUR7zLU309k9mBC768=",
        "owner": "nix-systems",
        "repo": "default",
        "rev": "da67096a3b9bf56a91d16901293e51ba5b49a27e",
        "type": "github"
      },
      "original": {
        "owner": "nix-systems",
        "repo": "default",
        "type": "github"
      }
    },
    "vexillologist": {
      "inputs": {
        "cargo2nix": "cargo2nix_3",
        "fenix": "fenix_3",
        "flake-utils": [
          "flake-utils"
        ],
        "nixpkgs": [
          "nixpkgs-unstable"
        ]
      },
      "locked": {
        "lastModified": 1751127948,
        "narHash": "sha256-X/m1HIttpwIoP1aPOFt0jtHwPvJxpTUqoJXMGPdg5aY=",
        "owner": "maddiemort",
        "repo": "vexillologist",
        "rev": "16ccd467e3d25ab3f1b1fcccbd9603686fa36578",
        "type": "github"
      },
      "original": {
        "owner": "maddiemort",
        "ref": "v1.5.0",
        "repo": "vexillologist",
        "type": "github"
      }
    },
    "wirebrush": {
      "inputs": {
        "cargo2nix": "cargo2nix_4",
        "fenix": "fenix_4",
        "flake-utils": [
          "flake-utils"
        ],
        "nixpkgs": [
          "nixpkgs"
        ]
      },
      "locked": {
        "lastModified": 1723406061,
        "narHash": "sha256-84K6XtTorvw/cQl1iej8xHGIz6US3U1jajqpmvscUn4=",
        "owner": "gememma",
        "repo": "wirebrush",
        "rev": "65083bb05e6247b3eef39ff1021498c8ece44b2e",
        "type": "github"
      },
      "original": {
        "owner": "gememma",
        "ref": "main",
        "repo": "wirebrush",
        "type": "github"
      }
    }
  },
  "root": "root",
  "version": 7
}
